
Microsoft Visual Studio Solution File, Format Version 12.00
# Visual Studio 15
VisualStudioVersion = 15.0.28010.2041
MinimumVisualStudioVersion = 10.0.40219.1
Project("{FAE04EC0-301F-11D3-BF4B-00C04F79EFBC}") = "chip8", "chip8\chip8.csproj", "{69E8254C-906E-46F0-9A98-993A3DF03FEA}"
EndProject
Global
	GlobalSection(SolutionConfigurationPlatforms) = preSolution
		Debug|Any CPU = Debug|Any CPU
		Release|Any CPU = Release|Any CPU
	EndGlobalSection
	GlobalSection(ProjectConfigurationPlatforms) = postSolution
		{69E8254C-906E-46F0-9A98-993A3DF03FEA}.Debug|Any CPU.ActiveCfg = Debug|Any CPU
		{69E8254C-906E-46F0-9A98-993A3DF03FEA}.Debug|Any CPU.Build.0 = Debug|Any CPU
		{69E8254C-906E-46F0-9A98-993A3DF03FEA}.Release|Any CPU.ActiveCfg = Release|Any CPU
		{69E8254C-906E-46F0-9A98-993A3DF03FEA}.Release|Any CPU.Build.0 = Release|Any CPU
	EndGlobalSection
	GlobalSection(SolutionProperties) = preSolution
		HideSolutionNode = FALSE
	EndGlobalSection
	GlobalSection(ExtensibilityGlobals) = postSolution
		SolutionGuid = {FC35F67C-FA98-4F9F-8729-DAED4D58AEB5}
	EndGlobalSection
EndGlobal
